%{
  "gnat": {:hex, :gnat, "1.0.0", "6417fb6bb122e80f941b151cca25e9209f7523bde4dbe10901ba05aa21ae1bbd", [:mix], [{:jason, "~> 1.1", [hex: :jason, repo: "hexpm", optional: false]}, {:nimble_parsec, "~> 0.5", [hex: :nimble_parsec, repo: "hexpm", optional: false]}, {:telemetry, "~> 0.4", [hex: :telemetry, repo: "hexpm", optional: false]}], "hexpm", "db15a1905eb5a82b6a744994ff4ecab566a3a64995dc1cfa25731b2a3cbaff87"},
  "jason": {:hex, :jason, "1.2.0", "10043418c42d2493d0ee212d3fddd25d7ffe484380afad769a0a38795938e448", [:mix], [{:decimal, "~> 1.0", [hex: :decimal, repo: "hexpm", optional: true]}], "hexpm", "116747dbe057794c3a3e4e143b7c8390b29f634e16c78a7f59ba75bfa6852e7f"},
  "nimble_parsec": {:hex, :nimble_parsec, "0.5.3", "def21c10a9ed70ce22754fdeea0810dafd53c2db3219a0cd54cf5526377af1c6", [:mix], [], "hexpm", "589b5af56f4afca65217a1f3eb3fee7e79b09c40c742fddc1c312b3ac0b3399f"},
  "telemetry": {:hex, :telemetry, "0.4.1", "ae2718484892448a24470e6aa341bc847c3277bfb8d4e9289f7474d752c09c7f", [:rebar3], [], "hexpm", "4738382e36a0a9a2b6e25d67c960e40e1a2c95560b9f936d8e29de8cd858480f"},
}
